// !$*UTF8*$!
{
	archiveVersion = 1;
	classes = {
	};
	objectVersion = 55;
	objects = {

/* Begin PBXBuildFile section */
		CB19A92D2963067700588FE7 /* HistoryView.swift in Sources */ = {isa = PBXBuildFile; fileRef = CB19A92C2963067700588FE7 /* HistoryView.swift */; };
		CB19A930296308A600588FE7 /*  DateExtension.swift in Sources */ = {isa = PBXBuildFile; fileRef = CB19A92F296308A600588FE7 /*  DateExtension.swift */; };
		CB19A9322963145400588FE7 /* ImageExtension.swift in Sources */ = {isa = PBXBuildFile; fileRef = CB19A9312963145400588FE7 /* ImageExtension.swift */; };
		CB19A9342963175B00588FE7 /* SuccessView.swift in Sources */ = {isa = PBXBuildFile; fileRef = CB19A9332963175B00588FE7 /* SuccessView.swift */; };
		CB19A94B296328AB00588FE7 /* Exercise.swift in Sources */ = {isa = PBXBuildFile; fileRef = CB19A94A296328AB00588FE7 /* Exercise.swift */; };
		CB19A94D29632D9900588FE7 /* HistoryStore.swift in Sources */ = {isa = PBXBuildFile; fileRef = CB19A94C29632D9900588FE7 /* HistoryStore.swift */; };
		CB19A94F296333AD00588FE7 /* HistoryStoreDevData.swift in Sources */ = {isa = PBXBuildFile; fileRef = CB19A94E296333AD00588FE7 /* HistoryStoreDevData.swift */; };
		CB2FA36B2965DFA80042E52F /* Localizable.strings in Resources */ = {isa = PBXBuildFile; fileRef = CB2FA36D2965DFA80042E52F /* Localizable.strings */; };
		CB2FA36F2965F9760042E52F /* burpee.mp4 in Resources */ = {isa = PBXBuildFile; fileRef = CB2FA3712965F9760042E52F /* burpee.mp4 */; };
		CB2FA3722965F9860042E52F /* squat.mp4 in Resources */ = {isa = PBXBuildFile; fileRef = CB2FA3742965F9860042E52F /* squat.mp4 */; };
		CB2FA3752965F98B0042E52F /* step-up.mp4 in Resources */ = {isa = PBXBuildFile; fileRef = CB2FA3772965F98B0042E52F /* step-up.mp4 */; };
		CB2FA3782965F98F0042E52F /* sun-salute.mp4 in Resources */ = {isa = PBXBuildFile; fileRef = CB2FA37A2965F98F0042E52F /* sun-salute.mp4 */; };
		CBCFD07129606F5800DD73AE /* WelcomeView.swift in Sources */ = {isa = PBXBuildFile; fileRef = CBCFD07029606F5800DD73AE /* WelcomeView.swift */; };
		CBCFD07329606F6C00DD73AE /* ExerciseView.swift in Sources */ = {isa = PBXBuildFile; fileRef = CBCFD07229606F6C00DD73AE /* ExerciseView.swift */; };
		CBCFD07629608DC200DD73AE /* HeaderView.swift in Sources */ = {isa = PBXBuildFile; fileRef = CBCFD07529608DC200DD73AE /* HeaderView.swift */; };
		CBCFD0832960A4D800DD73AE /* RatingView.swift in Sources */ = {isa = PBXBuildFile; fileRef = CBCFD0822960A4D800DD73AE /* RatingView.swift */; };
		CBD25ECB295F6555007314E2 /* HIITFitApp.swift in Sources */ = {isa = PBXBuildFile; fileRef = CBD25ECA295F6555007314E2 /* HIITFitApp.swift */; };
		CBD25ECD295F6555007314E2 /* ContentView.swift in Sources */ = {isa = PBXBuildFile; fileRef = CBD25ECC295F6555007314E2 /* ContentView.swift */; };
		CBD25ECF295F6557007314E2 /* Assets.xcassets in Resources */ = {isa = PBXBuildFile; fileRef = CBD25ECE295F6557007314E2 /* Assets.xcassets */; };
		CBD25ED2295F6557007314E2 /* Preview Assets.xcassets in Resources */ = {isa = PBXBuildFile; fileRef = CBD25ED1295F6557007314E2 /* Preview Assets.xcassets */; };
/* End PBXBuildFile section */

/* Begin PBXFileReference section */
		CB19A92C2963067700588FE7 /* HistoryView.swift */ = {isa = PBXFileReference; lastKnownFileType = sourcecode.swift; path = HistoryView.swift; sourceTree = "<group>"; };
		CB19A92F296308A600588FE7 /*  DateExtension.swift */ = {isa = PBXFileReference; lastKnownFileType = sourcecode.swift; path = " DateExtension.swift"; sourceTree = "<group>"; };
		CB19A9312963145400588FE7 /* ImageExtension.swift */ = {isa = PBXFileReference; lastKnownFileType = sourcecode.swift; path = ImageExtension.swift; sourceTree = "<group>"; };
		CB19A9332963175B00588FE7 /* SuccessView.swift */ = {isa = PBXFileReference; lastKnownFileType = sourcecode.swift; path = SuccessView.swift; sourceTree = "<group>"; };
		CB19A94A296328AB00588FE7 /* Exercise.swift */ = {isa = PBXFileReference; lastKnownFileType = sourcecode.swift; path = Exercise.swift; sourceTree = "<group>"; };
		CB19A94C29632D9900588FE7 /* HistoryStore.swift */ = {isa = PBXFileReference; lastKnownFileType = sourcecode.swift; path = HistoryStore.swift; sourceTree = "<group>"; };
		CB19A94E296333AD00588FE7 /* HistoryStoreDevData.swift */ = {isa = PBXFileReference; lastKnownFileType = sourcecode.swift; path = HistoryStoreDevData.swift; sourceTree = "<group>"; };
		CB2FA36C2965DFA80042E52F /* en */ = {isa = PBXFileReference; lastKnownFileType = text.plist.strings; name = en; path = en.lproj/Localizable.strings; sourceTree = "<group>"; };
		CB2FA36E2965F76F0042E52F /* uk */ = {isa = PBXFileReference; lastKnownFileType = text.plist.strings; name = uk; path = uk.lproj/Localizable.strings; sourceTree = "<group>"; };
		CB2FA3702965F9760042E52F /* Base */ = {isa = PBXFileReference; lastKnownFileType = file; name = Base; path = Base.lproj/burpee.mp4; sourceTree = "<group>"; };
		CB2FA3732965F9860042E52F /* Base */ = {isa = PBXFileReference; lastKnownFileType = file; name = Base; path = Base.lproj/squat.mp4; sourceTree = "<group>"; };
		CB2FA3762965F98B0042E52F /* Base */ = {isa = PBXFileReference; lastKnownFileType = file; name = Base; path = "Base.lproj/step-up.mp4"; sourceTree = "<group>"; };
		CB2FA3792965F98F0042E52F /* Base */ = {isa = PBXFileReference; lastKnownFileType = file; name = Base; path = "Base.lproj/sun-salute.mp4"; sourceTree = "<group>"; };
		CBCFD07029606F5800DD73AE /* WelcomeView.swift */ = {isa = PBXFileReference; lastKnownFileType = sourcecode.swift; path = WelcomeView.swift; sourceTree = "<group>"; };
		CBCFD07229606F6C00DD73AE /* ExerciseView.swift */ = {isa = PBXFileReference; lastKnownFileType = sourcecode.swift; path = ExerciseView.swift; sourceTree = "<group>"; };
		CBCFD07529608DC200DD73AE /* HeaderView.swift */ = {isa = PBXFileReference; lastKnownFileType = sourcecode.swift; path = HeaderView.swift; sourceTree = "<group>"; };
		CBCFD0822960A4D800DD73AE /* RatingView.swift */ = {isa = PBXFileReference; lastKnownFileType = sourcecode.swift; path = RatingView.swift; sourceTree = "<group>"; };
		CBD25EC7295F6555007314E2 /* HIITFit.app */ = {isa = PBXFileReference; explicitFileType = wrapper.application; includeInIndex = 0; path = HIITFit.app; sourceTree = BUILT_PRODUCTS_DIR; };
		CBD25ECA295F6555007314E2 /* HIITFitApp.swift */ = {isa = PBXFileReference; lastKnownFileType = sourcecode.swift; path = HIITFitApp.swift; sourceTree = "<group>"; };
		CBD25ECC295F6555007314E2 /* ContentView.swift */ = {isa = PBXFileReference; lastKnownFileType = sourcecode.swift; path = ContentView.swift; sourceTree = "<group>"; };
		CBD25ECE295F6557007314E2 /* Assets.xcassets */ = {isa = PBXFileReference; lastKnownFileType = folder.assetcatalog; path = Assets.xcassets; sourceTree = "<group>"; };
		CBD25ED1295F6557007314E2 /* Preview Assets.xcassets */ = {isa = PBXFileReference; lastKnownFileType = folder.assetcatalog; path = "Preview Assets.xcassets"; sourceTree = "<group>"; };
/* End PBXFileReference section */

/* Begin PBXFrameworksBuildPhase section */
		CBD25EC4295F6555007314E2 /* Frameworks */ = {
			isa = PBXFrameworksBuildPhase;
			buildActionMask = 2147483647;
			files = (
			);
			runOnlyForDeploymentPostprocessing = 0;
		};
/* End PBXFrameworksBuildPhase section */

/* Begin PBXGroup section */
		CB19A92E2963089100588FE7 /* Extensions */ = {
			isa = PBXGroup;
			children = (
				CB19A92F296308A600588FE7 /*  DateExtension.swift */,
				CB19A9312963145400588FE7 /* ImageExtension.swift */,
			);
			path = Extensions;
			sourceTree = "<group>";
		};
		CB19A9492963288100588FE7 /* Models */ = {
			isa = PBXGroup;
			children = (
				CB19A94A296328AB00588FE7 /* Exercise.swift */,
				CB19A94C29632D9900588FE7 /* HistoryStore.swift */,
			);
			path = Models;
			sourceTree = "<group>";
		};
		CBCFD07429606F7900DD73AE /* Views */ = {
			isa = PBXGroup;
			children = (
				CBD25ECC295F6555007314E2 /* ContentView.swift */,
				CB19A9332963175B00588FE7 /* SuccessView.swift */,
				CBCFD07029606F5800DD73AE /* WelcomeView.swift */,
				CBCFD07229606F6C00DD73AE /* ExerciseView.swift */,
				CB19A92C2963067700588FE7 /* HistoryView.swift */,
				CBCFD0822960A4D800DD73AE /* RatingView.swift */,
				CBCFD07529608DC200DD73AE /* HeaderView.swift */,
			);
			path = Views;
			sourceTree = "<group>";
		};
		CBCFD07F2960948800DD73AE /* Videos */ = {
			isa = PBXGroup;
			children = (
				CB2FA3712965F9760042E52F /* burpee.mp4 */,
				CB2FA3742965F9860042E52F /* squat.mp4 */,
				CB2FA3772965F98B0042E52F /* step-up.mp4 */,
				CB2FA37A2965F98F0042E52F /* sun-salute.mp4 */,
			);
			path = Videos;
			sourceTree = "<group>";
		};
		CBD25EBE295F6555007314E2 = {
			isa = PBXGroup;
			children = (
				CBD25EC9295F6555007314E2 /* HIITFit */,
				CBD25EC8295F6555007314E2 /* Products */,
			);
			sourceTree = "<group>";
		};
		CBD25EC8295F6555007314E2 /* Products */ = {
			isa = PBXGroup;
			children = (
				CBD25EC7295F6555007314E2 /* HIITFit.app */,
			);
			name = Products;
			sourceTree = "<group>";
		};
		CBD25EC9295F6555007314E2 /* HIITFit */ = {
			isa = PBXGroup;
			children = (
				CBD25ECA295F6555007314E2 /* HIITFitApp.swift */,
				CB19A92E2963089100588FE7 /* Extensions */,
				CB19A9492963288100588FE7 /* Models */,
				CBCFD07429606F7900DD73AE /* Views */,
				CBCFD07F2960948800DD73AE /* Videos */,
				CBD25ECE295F6557007314E2 /* Assets.xcassets */,
				CBD25ED0295F6557007314E2 /* Preview Content */,
				CB2FA36D2965DFA80042E52F /* Localizable.strings */,
			);
			path = HIITFit;
			sourceTree = "<group>";
		};
		CBD25ED0295F6557007314E2 /* Preview Content */ = {
			isa = PBXGroup;
			children = (
				CBD25ED1295F6557007314E2 /* Preview Assets.xcassets */,
				CB19A94E296333AD00588FE7 /* HistoryStoreDevData.swift */,
			);
			path = "Preview Content";
			sourceTree = "<group>";
		};
/* End PBXGroup section */

/* Begin PBXNativeTarget section */
		CBD25EC6295F6555007314E2 /* HIITFit */ = {
			isa = PBXNativeTarget;
			buildConfigurationList = CBD25ED5295F6557007314E2 /* Build configuration list for PBXNativeTarget "HIITFit" */;
			buildPhases = (
				CBD25EC3295F6555007314E2 /* Sources */,
				CBD25EC4295F6555007314E2 /* Frameworks */,
				CBD25EC5295F6555007314E2 /* Resources */,
			);
			buildRules = (
			);
			dependencies = (
			);
			name = HIITFit;
			productName = HIITFit;
			productReference = CBD25EC7295F6555007314E2 /* HIITFit.app */;
			productType = "com.apple.product-type.application";
		};
/* End PBXNativeTarget section */

/* Begin PBXProject section */
		CBD25EBF295F6555007314E2 /* Project object */ = {
			isa = PBXProject;
			attributes = {
				BuildIndependentTargetsInParallel = 1;
				LastSwiftUpdateCheck = 1320;
				LastUpgradeCheck = 1320;
				TargetAttributes = {
					CBD25EC6295F6555007314E2 = {
						CreatedOnToolsVersion = 13.2.1;
					};
				};
			};
			buildConfigurationList = CBD25EC2295F6555007314E2 /* Build configuration list for PBXProject "HIITFit" */;
			compatibilityVersion = "Xcode 13.0";
			developmentRegion = en;
			hasScannedForEncodings = 0;
			knownRegions = (
				en,
				Base,
				uk,
			);
			mainGroup = CBD25EBE295F6555007314E2;
			productRefGroup = CBD25EC8295F6555007314E2 /* Products */;
			projectDirPath = "";
			projectRoot = "";
			targets = (
				CBD25EC6295F6555007314E2 /* HIITFit */,
			);
		};
/* End PBXProject section */

/* Begin PBXResourcesBuildPhase section */
		CBD25EC5295F6555007314E2 /* Resources */ = {
			isa = PBXResourcesBuildPhase;
			buildActionMask = 2147483647;
			files = (
				CB2FA3752965F98B0042E52F /* step-up.mp4 in Resources */,
				CB2FA36F2965F9760042E52F /* burpee.mp4 in Resources */,
				CBD25ED2295F6557007314E2 /* Preview Assets.xcassets in Resources */,
				CB2FA36B2965DFA80042E52F /* Localizable.strings in Resources */,
				CB2FA3722965F9860042E52F /* squat.mp4 in Resources */,
				CB2FA3782965F98F0042E52F /* sun-salute.mp4 in Resources */,
				CBD25ECF295F6557007314E2 /* Assets.xcassets in Resources */,
			);
			runOnlyForDeploymentPostprocessing = 0;
		};
/* End PBXResourcesBuildPhase section */

/* Begin PBXSourcesBuildPhase section */
		CBD25EC3295F6555007314E2 /* Sources */ = {
			isa = PBXSourcesBuildPhase;
			buildActionMask = 2147483647;
			files = (
				CBCFD07629608DC200DD73AE /* HeaderView.swift in Sources */,
				CBCFD07329606F6C00DD73AE /* ExerciseView.swift in Sources */,
				CB19A9342963175B00588FE7 /* SuccessView.swift in Sources */,
				CB19A930296308A600588FE7 /*  DateExtension.swift in Sources */,
				CB19A94D29632D9900588FE7 /* HistoryStore.swift in Sources */,
				CB19A94F296333AD00588FE7 /* HistoryStoreDevData.swift in Sources */,
				CBD25ECD295F6555007314E2 /* ContentView.swift in Sources */,
				CBCFD0832960A4D800DD73AE /* RatingView.swift in Sources */,
				CB19A94B296328AB00588FE7 /* Exercise.swift in Sources */,
				CB19A92D2963067700588FE7 /* HistoryView.swift in Sources */,
				CBCFD07129606F5800DD73AE /* WelcomeView.swift in Sources */,
				CB19A9322963145400588FE7 /* ImageExtension.swift in Sources */,
				CBD25ECB295F6555007314E2 /* HIITFitApp.swift in Sources */,
			);
			runOnlyForDeploymentPostprocessing = 0;
		};
/* End PBXSourcesBuildPhase section */

/* Begin PBXVariantGroup section */
		CB2FA36D2965DFA80042E52F /* Localizable.strings */ = {
			isa = PBXVariantGroup;
			children = (
				CB2FA36C2965DFA80042E52F /* en */,
				CB2FA36E2965F76F0042E52F /* uk */,
			);
			name = Localizable.strings;
			sourceTree = "<group>";
		};
		CB2FA3712965F9760042E52F /* burpee.mp4 */ = {
			isa = PBXVariantGroup;
			children = (
				CB2FA3702965F9760042E52F /* Base */,
			);
			name = burpee.mp4;
			sourceTree = "<group>";
		};
		CB2FA3742965F9860042E52F /* squat.mp4 */ = {
			isa = PBXVariantGroup;
			children = (
				CB2FA3732965F9860042E52F /* Base */,
			);
			name = squat.mp4;
			sourceTree = "<group>";
		};
		CB2FA3772965F98B0042E52F /* step-up.mp4 */ = {
			isa = PBXVariantGroup;
			children = (
				CB2FA3762965F98B0042E52F /* Base */,
			);
			name = "step-up.mp4";
			sourceTree = "<group>";
		};
		CB2FA37A2965F98F0042E52F /* sun-salute.mp4 */ = {
			isa = PBXVariantGroup;
			children = (
				CB2FA3792965F98F0042E52F /* Base */,
			);
			name = "sun-salute.mp4";
			sourceTree = "<group>";
		};
/* End PBXVariantGroup section */

/* Begin XCBuildConfiguration section */
		CBD25ED3295F6557007314E2 /* Debug */ = {
			isa = XCBuildConfiguration;
			buildSettings = {
				ALWAYS_SEARCH_USER_PATHS = NO;
				CLANG_ANALYZER_LOCALIZABILITY_NONLOCALIZED = YES;
				CLANG_ANALYZER_NONNULL = YES;
				CLANG_ANALYZER_NUMBER_OBJECT_CONVERSION = YES_AGGRESSIVE;
				CLANG_CXX_LANGUAGE_STANDARD = "gnu++17";
				CLANG_CXX_LIBRARY = "libc++";
				CLANG_ENABLE_MODULES = YES;
				CLANG_ENABLE_OBJC_ARC = YES;
				CLANG_ENABLE_OBJC_WEAK = YES;
				CLANG_WARN_BLOCK_CAPTURE_AUTORELEASING = YES;
				CLANG_WARN_BOOL_CONVERSION = YES;
				CLANG_WARN_COMMA = YES;
				CLANG_WARN_CONSTANT_CONVERSION = YES;
				CLANG_WARN_DEPRECATED_OBJC_IMPLEMENTATIONS = YES;
				CLANG_WARN_DIRECT_OBJC_ISA_USAGE = YES_ERROR;
				CLANG_WARN_DOCUMENTATION_COMMENTS = YES;
				CLANG_WARN_EMPTY_BODY = YES;
				CLANG_WARN_ENUM_CONVERSION = YES;
				CLANG_WARN_INFINITE_RECURSION = YES;
				CLANG_WARN_INT_CONVERSION = YES;
				CLANG_WARN_NON_LITERAL_NULL_CONVERSION = YES;
				CLANG_WARN_OBJC_IMPLICIT_RETAIN_SELF = YES;
				CLANG_WARN_OBJC_LITERAL_CONVERSION = YES;
				CLANG_WARN_OBJC_ROOT_CLASS = YES_ERROR;
				CLANG_WARN_QUOTED_INCLUDE_IN_FRAMEWORK_HEADER = YES;
				CLANG_WARN_RANGE_LOOP_ANALYSIS = YES;
				CLANG_WARN_STRICT_PROTOTYPES = YES;
				CLANG_WARN_SUSPICIOUS_MOVE = YES;
				CLANG_WARN_UNGUARDED_AVAILABILITY = YES_AGGRESSIVE;
				CLANG_WARN_UNREACHABLE_CODE = YES;
				CLANG_WARN__DUPLICATE_METHOD_MATCH = YES;
				COPY_PHASE_STRIP = NO;
				DEBUG_INFORMATION_FORMAT = dwarf;
				ENABLE_STRICT_OBJC_MSGSEND = YES;
				ENABLE_TESTABILITY = YES;
				GCC_C_LANGUAGE_STANDARD = gnu11;
				GCC_DYNAMIC_NO_PIC = NO;
				GCC_NO_COMMON_BLOCKS = YES;
				GCC_OPTIMIZATION_LEVEL = 0;
				GCC_PREPROCESSOR_DEFINITIONS = (
					"DEBUG=1",
					"$(inherited)",
				);
				GCC_WARN_64_TO_32_BIT_CONVERSION = YES;
				GCC_WARN_ABOUT_RETURN_TYPE = YES_ERROR;
				GCC_WARN_UNDECLARED_SELECTOR = YES;
				GCC_WARN_UNINITIALIZED_AUTOS = YES_AGGRESSIVE;
				GCC_WARN_UNUSED_FUNCTION = YES;
				GCC_WARN_UNUSED_VARIABLE = YES;
				IPHONEOS_DEPLOYMENT_TARGET = 15.1;
				MTL_ENABLE_DEBUG_INFO = INCLUDE_SOURCE;
				MTL_FAST_MATH = YES;
				ONLY_ACTIVE_ARCH = YES;
				SDKROOT = iphoneos;
				SWIFT_ACTIVE_COMPILATION_CONDITIONS = DEBUG;
				SWIFT_OPTIMIZATION_LEVEL = "-Onone";
			};
			name = Debug;
		};
		CBD25ED4295F6557007314E2 /* Release */ = {
			isa = XCBuildConfiguration;
			buildSettings = {
				ALWAYS_SEARCH_USER_PATHS = NO;
				CLANG_ANALYZER_LOCALIZABILITY_NONLOCALIZED = YES;
				CLANG_ANALYZER_NONNULL = YES;
				CLANG_ANALYZER_NUMBER_OBJECT_CONVERSION = YES_AGGRESSIVE;
				CLANG_CXX_LANGUAGE_STANDARD = "gnu++17";
				CLANG_CXX_LIBRARY = "libc++";
				CLANG_ENABLE_MODULES = YES;
				CLANG_ENABLE_OBJC_ARC = YES;
				CLANG_ENABLE_OBJC_WEAK = YES;
				CLANG_WARN_BLOCK_CAPTURE_AUTORELEASING = YES;
				CLANG_WARN_BOOL_CONVERSION = YES;
				CLANG_WARN_COMMA = YES;
				CLANG_WARN_CONSTANT_CONVERSION = YES;
				CLANG_WARN_DEPRECATED_OBJC_IMPLEMENTATIONS = YES;
				CLANG_WARN_DIRECT_OBJC_ISA_USAGE = YES_ERROR;
				CLANG_WARN_DOCUMENTATION_COMMENTS = YES;
				CLANG_WARN_EMPTY_BODY = YES;
				CLANG_WARN_ENUM_CONVERSION = YES;
				CLANG_WARN_INFINITE_RECURSION = YES;
				CLANG_WARN_INT_CONVERSION = YES;
				CLANG_WARN_NON_LITERAL_NULL_CONVERSION = YES;
				CLANG_WARN_OBJC_IMPLICIT_RETAIN_SELF = YES;
				CLANG_WARN_OBJC_LITERAL_CONVERSION = YES;
				CLANG_WARN_OBJC_ROOT_CLASS = YES_ERROR;
				CLANG_WARN_QUOTED_INCLUDE_IN_FRAMEWORK_HEADER = YES;
				CLANG_WARN_RANGE_LOOP_ANALYSIS = YES;
				CLANG_WARN_STRICT_PROTOTYPES = YES;
				CLANG_WARN_SUSPICIOUS_MOVE = YES;
				CLANG_WARN_UNGUARDED_AVAILABILITY = YES_AGGRESSIVE;
				CLANG_WARN_UNREACHABLE_CODE = YES;
				CLANG_WARN__DUPLICATE_METHOD_MATCH = YES;
				COPY_PHASE_STRIP = NO;
				DEBUG_INFORMATION_FORMAT = "dwarf-with-dsym";
				ENABLE_NS_ASSERTIONS = NO;
				ENABLE_STRICT_OBJC_MSGSEND = YES;
				GCC_C_LANGUAGE_STANDARD = gnu11;
				GCC_NO_COMMON_BLOCKS = YES;
				GCC_WARN_64_TO_32_BIT_CONVERSION = YES;
				GCC_WARN_ABOUT_RETURN_TYPE = YES_ERROR;
				GCC_WARN_UNDECLARED_SELECTOR = YES;
				GCC_WARN_UNINITIALIZED_AUTOS = YES_AGGRESSIVE;
				GCC_WARN_UNUSED_FUNCTION = YES;
				GCC_WARN_UNUSED_VARIABLE = YES;
				IPHONEOS_DEPLOYMENT_TARGET = 15.1;
				MTL_ENABLE_DEBUG_INFO = NO;
				MTL_FAST_MATH = YES;
				SDKROOT = iphoneos;
				SWIFT_COMPILATION_MODE = wholemodule;
				SWIFT_OPTIMIZATION_LEVEL = "-O";
				VALIDATE_PRODUCT = YES;
			};
			name = Release;
		};
		CBD25ED6295F6557007314E2 /* Debug */ = {
			isa = XCBuildConfiguration;
			buildSettings = {
				ASSETCATALOG_COMPILER_APPICON_NAME = AppIcon;
				ASSETCATALOG_COMPILER_GLOBAL_ACCENT_COLOR_NAME = AccentColor;
				CODE_SIGN_STYLE = Automatic;
				CURRENT_PROJECT_VERSION = 1;
				DEVELOPMENT_ASSET_PATHS = "\"HIITFit/Preview Content\"";
				DEVELOPMENT_TEAM = K67NCKKP3G;
				ENABLE_PREVIEWS = YES;
				GENERATE_INFOPLIST_FILE = YES;
				INFOPLIST_KEY_UIApplicationSceneManifest_Generation = YES;
				INFOPLIST_KEY_UIApplicationSupportsIndirectInputEvents = YES;
				INFOPLIST_KEY_UILaunchScreen_Generation = YES;
				INFOPLIST_KEY_UISupportedInterfaceOrientations_iPad = "UIInterfaceOrientationPortrait UIInterfaceOrientationPortraitUpsideDown UIInterfaceOrientationLandscapeLeft UIInterfaceOrientationLandscapeRight";
				INFOPLIST_KEY_UISupportedInterfaceOrientations_iPhone = "UIInterfaceOrientationPortrait UIInterfaceOrientationLandscapeLeft UIInterfaceOrientationLandscapeRight";
				IPHONEOS_DEPLOYMENT_TARGET = 15.1;
				LD_RUNPATH_SEARCH_PATHS = (
					"$(inherited)",
					"@executable_path/Frameworks",
				);
				MARKETING_VERSION = 1.0;
				PRODUCT_BUNDLE_IDENTIFIER = com.danyilklimchuk.HIITFit;
				PRODUCT_NAME = "$(TARGET_NAME)";
				SWIFT_EMIT_LOC_STRINGS = YES;
				SWIFT_VERSION = 5.0;
				TARGETED_DEVICE_FAMILY = "1,2";
			};
			name = Debug;
		};
		CBD25ED7295F6557007314E2 /* Release */ = {
			isa = XCBuildConfiguration;
			buildSettings = {
				ASSETCATALOG_COMPILER_APPICON_NAME = AppIcon;
				ASSETCATALOG_COMPILER_GLOBAL_ACCENT_COLOR_NAME = AccentColor;
				CODE_SIGN_STYLE = Automatic;
				CURRENT_PROJECT_VERSION = 1;
				DEVELOPMENT_ASSET_PATHS = "\"HIITFit/Preview Content\"";
				DEVELOPMENT_TEAM = K67NCKKP3G;
				ENABLE_PREVIEWS = YES;
				GENERATE_INFOPLIST_FILE = YES;
				INFOPLIST_KEY_UIApplicationSceneManifest_Generation = YES;
				INFOPLIST_KEY_UIApplicationSupportsIndirectInputEvents = YES;
				INFOPLIST_KEY_UILaunchScreen_Generation = YES;
				INFOPLIST_KEY_UISupportedInterfaceOrientations_iPad = "UIInterfaceOrientationPortrait UIInterfaceOrientationPortraitUpsideDown UIInterfaceOrientationLandscapeLeft UIInterfaceOrientationLandscapeRight";
				INFOPLIST_KEY_UISupportedInterfaceOrientations_iPhone = "UIInterfaceOrientationPortrait UIInterfaceOrientationLandscapeLeft UIInterfaceOrientationLandscapeRight";
				IPHONEOS_DEPLOYMENT_TARGET = 15.1;
				LD_RUNPATH_SEARCH_PATHS = (
					"$(inherited)",
					"@executable_path/Frameworks",
				);
				MARKETING_VERSION = 1.0;
				PRODUCT_BUNDLE_IDENTIFIER = com.danyilklimchuk.HIITFit;
				PRODUCT_NAME = "$(TARGET_NAME)";
				SWIFT_EMIT_LOC_STRINGS = YES;
				SWIFT_VERSION = 5.0;
				TARGETED_DEVICE_FAMILY = "1,2";
			};
			name = Release;
		};
/* End XCBuildConfiguration section */

/* Begin XCConfigurationList section */
		CBD25EC2295F6555007314E2 /* Build configuration list for PBXProject "HIITFit" */ = {
			isa = XCConfigurationList;
			buildConfigurations = (
				CBD25ED3295F6557007314E2 /* Debug */,
				CBD25ED4295F6557007314E2 /* Release */,
			);
			defaultConfigurationIsVisible = 0;
			defaultConfigurationName = Release;
		};
		CBD25ED5295F6557007314E2 /* Build configuration list for PBXNativeTarget "HIITFit" */ = {
			isa = XCConfigurationList;
			buildConfigurations = (
				CBD25ED6295F6557007314E2 /* Debug */,
				CBD25ED7295F6557007314E2 /* Release */,
			);
			defaultConfigurationIsVisible = 0;
			defaultConfigurationName = Release;
		};
/* End XCConfigurationList section */
	};
	rootObject = CBD25EBF295F6555007314E2 /* Project object */;
}
